
Microsoft Visual Studio Solution File, Format Version 12.00
# Visual Studio Version 16
VisualStudioVersion = 16.0.29230.47
MinimumVisualStudioVersion = 10.0.40219.1
Project("{FAE04EC0-301F-11D3-BF4B-00C04F79EFBC}") = "5GNR_Example", "5GNR_Example.csproj", "{DA114941-68DF-472C-A7D8-FDEF0412A4C1}"
EndProject
Project("{FAE04EC0-301F-11D3-BF4B-00C04F79EFBC}") = "RFmxNR", "..\..\Source\SA\RFmx NR\RFmxNR.csproj", "{B12280C1-69D7-4E52-8A41-95B1D568DD6B}"
EndProject
Project("{FAE04EC0-301F-11D3-BF4B-00C04F79EFBC}") = "RFmxInstr", "..\..\Source\SA\RFmx Instr\RFmxInstr.csproj", "{AB49D5A9-9585-445A-AE8A-E4DD2B8956AA}"
EndProject
Project("{FAE04EC0-301F-11D3-BF4B-00C04F79EFBC}") = "Common", "..\..\Source\Common\Common.csproj", "{8E7D5092-B685-4AD3-9DA3-7C53E56F0F32}"
EndProject
Project("{2150E333-8FDC-42A3-9474-1A3956D46DE8}") = "Dependencies", "Dependencies", "{10C29210-2F15-4610-88FB-BF88E96EBE08}"
EndProject
Global
	GlobalSection(SolutionConfigurationPlatforms) = preSolution
		Debug|Any CPU = Debug|Any CPU
		Release|Any CPU = Release|Any CPU
	EndGlobalSection
	GlobalSection(ProjectConfigurationPlatforms) = postSolution
		{DA114941-68DF-472C-A7D8-FDEF0412A4C1}.Debug|Any CPU.ActiveCfg = Debug|Any CPU
		{DA114941-68DF-472C-A7D8-FDEF0412A4C1}.Debug|Any CPU.Build.0 = Debug|Any CPU
		{DA114941-68DF-472C-A7D8-FDEF0412A4C1}.Release|Any CPU.ActiveCfg = Release|Any CPU
		{DA114941-68DF-472C-A7D8-FDEF0412A4C1}.Release|Any CPU.Build.0 = Release|Any CPU
		{B12280C1-69D7-4E52-8A41-95B1D568DD6B}.Debug|Any CPU.ActiveCfg = Debug|Any CPU
		{B12280C1-69D7-4E52-8A41-95B1D568DD6B}.Debug|Any CPU.Build.0 = Debug|Any CPU
		{B12280C1-69D7-4E52-8A41-95B1D568DD6B}.Release|Any CPU.ActiveCfg = Release|Any CPU
		{B12280C1-69D7-4E52-8A41-95B1D568DD6B}.Release|Any CPU.Build.0 = Release|Any CPU
		{AB49D5A9-9585-445A-AE8A-E4DD2B8956AA}.Debug|Any CPU.ActiveCfg = Debug|Any CPU
		{AB49D5A9-9585-445A-AE8A-E4DD2B8956AA}.Debug|Any CPU.Build.0 = Debug|Any CPU
		{AB49D5A9-9585-445A-AE8A-E4DD2B8956AA}.Release|Any CPU.ActiveCfg = Release|Any CPU
		{AB49D5A9-9585-445A-AE8A-E4DD2B8956AA}.Release|Any CPU.Build.0 = Release|Any CPU
		{8E7D5092-B685-4AD3-9DA3-7C53E56F0F32}.Debug|Any CPU.ActiveCfg = Debug|Any CPU
		{8E7D5092-B685-4AD3-9DA3-7C53E56F0F32}.Debug|Any CPU.Build.0 = Debug|Any CPU
		{8E7D5092-B685-4AD3-9DA3-7C53E56F0F32}.Release|Any CPU.ActiveCfg = Release|Any CPU
		{8E7D5092-B685-4AD3-9DA3-7C53E56F0F32}.Release|Any CPU.Build.0 = Release|Any CPU
	EndGlobalSection
	GlobalSection(SolutionProperties) = preSolution
		HideSolutionNode = FALSE
	EndGlobalSection
	GlobalSection(NestedProjects) = preSolution
		{B12280C1-69D7-4E52-8A41-95B1D568DD6B} = {10C29210-2F15-4610-88FB-BF88E96EBE08}
		{AB49D5A9-9585-445A-AE8A-E4DD2B8956AA} = {10C29210-2F15-4610-88FB-BF88E96EBE08}
		{8E7D5092-B685-4AD3-9DA3-7C53E56F0F32} = {10C29210-2F15-4610-88FB-BF88E96EBE08}
	EndGlobalSection
	GlobalSection(ExtensibilityGlobals) = postSolution
		SolutionGuid = {EC56EB3C-8FCD-4C89-B0AB-5D47091C2C74}
	EndGlobalSection
EndGlobal
