
Microsoft Visual Studio Solution File, Format Version 12.00
# Visual Studio Version 16
VisualStudioVersion = 16.0.29025.244
MinimumVisualStudioVersion = 10.0.40219.1
Project("{FAE04EC0-301F-11D3-BF4B-00C04F79EFBC}") = "Simple Digital Pattern", "Simple Digital Pattern\Simple Digital Pattern.csproj", "{9949F3BB-7DF3-4A8F-81E2-C7657BA7CDE6}"
EndProject
Project("{2150E333-8FDC-42A3-9474-1A3956D46DE8}") = "Project Dependencies", "Project Dependencies", "{22D743E2-598D-4933-B6AC-62C9207C2332}"
EndProject
Project("{FAE04EC0-301F-11D3-BF4B-00C04F79EFBC}") = "Digital", "..\..\Source\Digital\Digital.csproj", "{A12F87E8-772D-4DD9-9AE1-E6A72E83F4FE}"
EndProject
Global
	GlobalSection(SolutionConfigurationPlatforms) = preSolution
		Debug|Any CPU = Debug|Any CPU
		Release|Any CPU = Release|Any CPU
	EndGlobalSection
	GlobalSection(ProjectConfigurationPlatforms) = postSolution
		{9949F3BB-7DF3-4A8F-81E2-C7657BA7CDE6}.Debug|Any CPU.ActiveCfg = Debug|Any CPU
		{9949F3BB-7DF3-4A8F-81E2-C7657BA7CDE6}.Debug|Any CPU.Build.0 = Debug|Any CPU
		{9949F3BB-7DF3-4A8F-81E2-C7657BA7CDE6}.Release|Any CPU.ActiveCfg = Release|Any CPU
		{9949F3BB-7DF3-4A8F-81E2-C7657BA7CDE6}.Release|Any CPU.Build.0 = Release|Any CPU
		{A12F87E8-772D-4DD9-9AE1-E6A72E83F4FE}.Debug|Any CPU.ActiveCfg = Debug|Any CPU
		{A12F87E8-772D-4DD9-9AE1-E6A72E83F4FE}.Debug|Any CPU.Build.0 = Debug|Any CPU
		{A12F87E8-772D-4DD9-9AE1-E6A72E83F4FE}.Release|Any CPU.ActiveCfg = Release|Any CPU
		{A12F87E8-772D-4DD9-9AE1-E6A72E83F4FE}.Release|Any CPU.Build.0 = Release|Any CPU
	EndGlobalSection
	GlobalSection(SolutionProperties) = preSolution
		HideSolutionNode = FALSE
	EndGlobalSection
	GlobalSection(NestedProjects) = preSolution
		{A12F87E8-772D-4DD9-9AE1-E6A72E83F4FE} = {22D743E2-598D-4933-B6AC-62C9207C2332}
	EndGlobalSection
	GlobalSection(ExtensibilityGlobals) = postSolution
		SolutionGuid = {1E3CE299-1279-4933-8A4C-AE7336F69EF6}
	EndGlobalSection
EndGlobal
