
Microsoft Visual Studio Solution File, Format Version 12.00
# Visual Studio Version 16
VisualStudioVersion = 16.0.29025.244
MinimumVisualStudioVersion = 10.0.40219.1
Project("{FAE04EC0-301F-11D3-BF4B-00C04F79EFBC}") = "Code Report", "Code Report\Code Report.csproj", "{A0E7841C-F800-4C6A-A2EE-9E91F295E6EF}"
EndProject
Global
	GlobalSection(SolutionConfigurationPlatforms) = preSolution
		Debug|Any CPU = Debug|Any CPU
		Release|Any CPU = Release|Any CPU
	EndGlobalSection
	GlobalSection(ProjectConfigurationPlatforms) = postSolution
		{A0E7841C-F800-4C6A-A2EE-9E91F295E6EF}.Debug|Any CPU.ActiveCfg = Debug|Any CPU
		{A0E7841C-F800-4C6A-A2EE-9E91F295E6EF}.Debug|Any CPU.Build.0 = Debug|Any CPU
		{A0E7841C-F800-4C6A-A2EE-9E91F295E6EF}.Release|Any CPU.ActiveCfg = Release|Any CPU
		{A0E7841C-F800-4C6A-A2EE-9E91F295E6EF}.Release|Any CPU.Build.0 = Release|Any CPU
	EndGlobalSection
	GlobalSection(SolutionProperties) = preSolution
		HideSolutionNode = FALSE
	EndGlobalSection
	GlobalSection(ExtensibilityGlobals) = postSolution
		SolutionGuid = {D1D306F9-BC11-4F98-AB8D-8E8AB528A14E}
	EndGlobalSection
EndGlobal
