
Microsoft Visual Studio Solution File, Format Version 12.00
# Visual Studio Version 16
VisualStudioVersion = 16.0.29418.71
MinimumVisualStudioVersion = 10.0.40219.1
Project("{FAE04EC0-301F-11D3-BF4B-00C04F79EFBC}") = "ET_Example", "ET_Example.csproj", "{1ABC1F74-04DD-4776-BCB6-8198F8114ACB}"
EndProject
Project("{2150E333-8FDC-42A3-9474-1A3956D46DE8}") = "Dependencies", "Dependencies", "{79BF1769-D850-488F-9ACA-5DF076E9DA64}"
EndProject
Project("{FAE04EC0-301F-11D3-BF4B-00C04F79EFBC}") = "SG", "..\..\Source\SG\SG.csproj", "{89ABCAC5-CEDB-4535-BD58-E205A97834D9}"
EndProject
Project("{FAE04EC0-301F-11D3-BF4B-00C04F79EFBC}") = "Common", "..\..\Source\Common\Common.csproj", "{8E7D5092-B685-4AD3-9DA3-7C53E56F0F32}"
EndProject
Project("{FAE04EC0-301F-11D3-BF4B-00C04F79EFBC}") = "Envelope Tracking", "..\..\Source\Methods\Envelope Tracking\Envelope Tracking.csproj", "{724A8D0C-EE49-405C-AA33-884FDA656088}"
EndProject
Global
	GlobalSection(SolutionConfigurationPlatforms) = preSolution
		Debug|Any CPU = Debug|Any CPU
		Release|Any CPU = Release|Any CPU
	EndGlobalSection
	GlobalSection(ProjectConfigurationPlatforms) = postSolution
		{1ABC1F74-04DD-4776-BCB6-8198F8114ACB}.Debug|Any CPU.ActiveCfg = Debug|Any CPU
		{1ABC1F74-04DD-4776-BCB6-8198F8114ACB}.Debug|Any CPU.Build.0 = Debug|Any CPU
		{1ABC1F74-04DD-4776-BCB6-8198F8114ACB}.Release|Any CPU.ActiveCfg = Release|Any CPU
		{1ABC1F74-04DD-4776-BCB6-8198F8114ACB}.Release|Any CPU.Build.0 = Release|Any CPU
		{89ABCAC5-CEDB-4535-BD58-E205A97834D9}.Debug|Any CPU.ActiveCfg = Debug|Any CPU
		{89ABCAC5-CEDB-4535-BD58-E205A97834D9}.Debug|Any CPU.Build.0 = Debug|Any CPU
		{89ABCAC5-CEDB-4535-BD58-E205A97834D9}.Release|Any CPU.ActiveCfg = Release|Any CPU
		{89ABCAC5-CEDB-4535-BD58-E205A97834D9}.Release|Any CPU.Build.0 = Release|Any CPU
		{8E7D5092-B685-4AD3-9DA3-7C53E56F0F32}.Debug|Any CPU.ActiveCfg = Debug|Any CPU
		{8E7D5092-B685-4AD3-9DA3-7C53E56F0F32}.Debug|Any CPU.Build.0 = Debug|Any CPU
		{8E7D5092-B685-4AD3-9DA3-7C53E56F0F32}.Release|Any CPU.ActiveCfg = Release|Any CPU
		{8E7D5092-B685-4AD3-9DA3-7C53E56F0F32}.Release|Any CPU.Build.0 = Release|Any CPU
		{724A8D0C-EE49-405C-AA33-884FDA656088}.Debug|Any CPU.ActiveCfg = Debug|Any CPU
		{724A8D0C-EE49-405C-AA33-884FDA656088}.Debug|Any CPU.Build.0 = Debug|Any CPU
		{724A8D0C-EE49-405C-AA33-884FDA656088}.Release|Any CPU.ActiveCfg = Release|Any CPU
		{724A8D0C-EE49-405C-AA33-884FDA656088}.Release|Any CPU.Build.0 = Release|Any CPU
	EndGlobalSection
	GlobalSection(SolutionProperties) = preSolution
		HideSolutionNode = FALSE
	EndGlobalSection
	GlobalSection(NestedProjects) = preSolution
		{89ABCAC5-CEDB-4535-BD58-E205A97834D9} = {79BF1769-D850-488F-9ACA-5DF076E9DA64}
		{8E7D5092-B685-4AD3-9DA3-7C53E56F0F32} = {79BF1769-D850-488F-9ACA-5DF076E9DA64}
		{724A8D0C-EE49-405C-AA33-884FDA656088} = {79BF1769-D850-488F-9ACA-5DF076E9DA64}
	EndGlobalSection
	GlobalSection(ExtensibilityGlobals) = postSolution
		SolutionGuid = {D7A8D89F-39DB-4D75-B007-EB27EC3F0B9B}
	EndGlobalSection
EndGlobal
