
Microsoft Visual Studio Solution File, Format Version 12.00
# Visual Studio 15
VisualStudioVersion = 15.0.28307.168
MinimumVisualStudioVersion = 10.0.40219.1
Project("{FAE04EC0-301F-11D3-BF4B-00C04F79EFBC}") = "RFmxWLAN", "RFmxWLAN\RFmxWLAN.csproj", "{9E8F4D28-AC1D-4A06-8C62-FC96097890B9}"
EndProject
Global
	GlobalSection(SolutionConfigurationPlatforms) = preSolution
		Debug|Any CPU = Debug|Any CPU
		Release|Any CPU = Release|Any CPU
	EndGlobalSection
	GlobalSection(ProjectConfigurationPlatforms) = postSolution
		{9E8F4D28-AC1D-4A06-8C62-FC96097890B9}.Debug|Any CPU.ActiveCfg = Debug|Any CPU
		{9E8F4D28-AC1D-4A06-8C62-FC96097890B9}.Debug|Any CPU.Build.0 = Debug|Any CPU
		{9E8F4D28-AC1D-4A06-8C62-FC96097890B9}.Release|Any CPU.ActiveCfg = Release|Any CPU
		{9E8F4D28-AC1D-4A06-8C62-FC96097890B9}.Release|Any CPU.Build.0 = Release|Any CPU
	EndGlobalSection
	GlobalSection(SolutionProperties) = preSolution
		HideSolutionNode = FALSE
	EndGlobalSection
	GlobalSection(ExtensibilityGlobals) = postSolution
		SolutionGuid = {8277FC2F-E6B5-42EF-973E-C5EFBFDE8682}
	EndGlobalSection
EndGlobal
