
Microsoft Visual Studio Solution File, Format Version 12.00
# Visual Studio 15
VisualStudioVersion = 15.0.28307.421
MinimumVisualStudioVersion = 10.0.40219.1
Project("{FAE04EC0-301F-11D3-BF4B-00C04F79EFBC}") = "Digital Dynamic PAEN Example", "Digital Dynamic PAEN Example\Digital Dynamic PAEN Example.csproj", "{9B9C8F08-CAD3-4A96-B834-3E09C1AD46A6}"
EndProject
Project("{FAE04EC0-301F-11D3-BF4B-00C04F79EFBC}") = "SG", "..\..\Source\SG\SG.csproj", "{89ABCAC5-CEDB-4535-BD58-E205A97834D9}"
EndProject
Project("{2150E333-8FDC-42A3-9474-1A3956D46DE8}") = "Project Dependencies", "Project Dependencies", "{6EA5304A-CCCA-4A4E-BEC9-3373CD0B2F70}"
EndProject
Project("{FAE04EC0-301F-11D3-BF4B-00C04F79EFBC}") = "Digital", "..\..\Source\Digital\Digital.csproj", "{A12F87E8-772D-4DD9-9AE1-E6A72E83F4FE}"
EndProject
Global
	GlobalSection(SolutionConfigurationPlatforms) = preSolution
		Debug|Any CPU = Debug|Any CPU
		Release|Any CPU = Release|Any CPU
	EndGlobalSection
	GlobalSection(ProjectConfigurationPlatforms) = postSolution
		{9B9C8F08-CAD3-4A96-B834-3E09C1AD46A6}.Debug|Any CPU.ActiveCfg = Debug|Any CPU
		{9B9C8F08-CAD3-4A96-B834-3E09C1AD46A6}.Debug|Any CPU.Build.0 = Debug|Any CPU
		{9B9C8F08-CAD3-4A96-B834-3E09C1AD46A6}.Release|Any CPU.ActiveCfg = Release|Any CPU
		{9B9C8F08-CAD3-4A96-B834-3E09C1AD46A6}.Release|Any CPU.Build.0 = Release|Any CPU
		{89ABCAC5-CEDB-4535-BD58-E205A97834D9}.Debug|Any CPU.ActiveCfg = Debug|Any CPU
		{89ABCAC5-CEDB-4535-BD58-E205A97834D9}.Debug|Any CPU.Build.0 = Debug|Any CPU
		{89ABCAC5-CEDB-4535-BD58-E205A97834D9}.Release|Any CPU.ActiveCfg = Release|Any CPU
		{89ABCAC5-CEDB-4535-BD58-E205A97834D9}.Release|Any CPU.Build.0 = Release|Any CPU
		{A12F87E8-772D-4DD9-9AE1-E6A72E83F4FE}.Debug|Any CPU.ActiveCfg = Debug|Any CPU
		{A12F87E8-772D-4DD9-9AE1-E6A72E83F4FE}.Debug|Any CPU.Build.0 = Debug|Any CPU
		{A12F87E8-772D-4DD9-9AE1-E6A72E83F4FE}.Release|Any CPU.ActiveCfg = Release|Any CPU
		{A12F87E8-772D-4DD9-9AE1-E6A72E83F4FE}.Release|Any CPU.Build.0 = Release|Any CPU
	EndGlobalSection
	GlobalSection(SolutionProperties) = preSolution
		HideSolutionNode = FALSE
	EndGlobalSection
	GlobalSection(NestedProjects) = preSolution
		{89ABCAC5-CEDB-4535-BD58-E205A97834D9} = {6EA5304A-CCCA-4A4E-BEC9-3373CD0B2F70}
		{A12F87E8-772D-4DD9-9AE1-E6A72E83F4FE} = {6EA5304A-CCCA-4A4E-BEC9-3373CD0B2F70}
	EndGlobalSection
	GlobalSection(ExtensibilityGlobals) = postSolution
		SolutionGuid = {0D64D22E-2D17-4949-88B9-18B469E03D0A}
	EndGlobalSection
EndGlobal
