
Microsoft Visual Studio Solution File, Format Version 12.00
# Visual Studio Version 16
VisualStudioVersion = 16.0.30011.22
MinimumVisualStudioVersion = 10.0.40219.1
Project("{FAE04EC0-301F-11D3-BF4B-00C04F79EFBC}") = "SG", "..\..\Source\SG\SG.csproj", "{89ABCAC5-CEDB-4535-BD58-E205A97834D9}"
EndProject
Project("{FAE04EC0-301F-11D3-BF4B-00C04F79EFBC}") = "RFmxSpecAn", "..\..\Source\SA\RFmx SpecAn\RFmxSpecAn.csproj", "{3D1BC0F6-273C-4A44-82F6-3BB933862FFB}"
EndProject
Project("{FAE04EC0-301F-11D3-BF4B-00C04F79EFBC}") = "Common", "..\..\Source\Common\Common.csproj", "{8E7D5092-B685-4AD3-9DA3-7C53E56F0F32}"
EndProject
Project("{FAE04EC0-301F-11D3-BF4B-00C04F79EFBC}") = "RFmxInstr", "..\..\Source\SA\RFmx Instr\RFmxInstr.csproj", "{AB49D5A9-9585-445A-AE8A-E4DD2B8956AA}"
EndProject
Project("{FAE04EC0-301F-11D3-BF4B-00C04F79EFBC}") = "SPECAN_TXP_LOADPULL", "SPECAN_TXP_LOADPULL.csproj", "{1D01E07A-8BA7-46C9-9603-EF1DE1798674}"
EndProject
Project("{FAE04EC0-301F-11D3-BF4B-00C04F79EFBC}") = "FocusTuner", "..\..\Source\FocusTuner\FocusTuner.csproj", "{8D21D9A9-5420-4D00-95FE-F2DE7CFBF157}"
EndProject
Project("{2150E333-8FDC-42A3-9474-1A3956D46DE8}") = "Dependencies", "Dependencies", "{7A463769-1249-482B-B035-B5ED77824EF1}"
EndProject
Global
	GlobalSection(SolutionConfigurationPlatforms) = preSolution
		Debug|Any CPU = Debug|Any CPU
		Release|Any CPU = Release|Any CPU
	EndGlobalSection
	GlobalSection(ProjectConfigurationPlatforms) = postSolution
		{89ABCAC5-CEDB-4535-BD58-E205A97834D9}.Debug|Any CPU.ActiveCfg = Debug|Any CPU
		{89ABCAC5-CEDB-4535-BD58-E205A97834D9}.Debug|Any CPU.Build.0 = Debug|Any CPU
		{89ABCAC5-CEDB-4535-BD58-E205A97834D9}.Release|Any CPU.ActiveCfg = Release|Any CPU
		{89ABCAC5-CEDB-4535-BD58-E205A97834D9}.Release|Any CPU.Build.0 = Release|Any CPU
		{3D1BC0F6-273C-4A44-82F6-3BB933862FFB}.Debug|Any CPU.ActiveCfg = Debug|Any CPU
		{3D1BC0F6-273C-4A44-82F6-3BB933862FFB}.Debug|Any CPU.Build.0 = Debug|Any CPU
		{3D1BC0F6-273C-4A44-82F6-3BB933862FFB}.Release|Any CPU.ActiveCfg = Release|Any CPU
		{3D1BC0F6-273C-4A44-82F6-3BB933862FFB}.Release|Any CPU.Build.0 = Release|Any CPU
		{8E7D5092-B685-4AD3-9DA3-7C53E56F0F32}.Debug|Any CPU.ActiveCfg = Debug|Any CPU
		{8E7D5092-B685-4AD3-9DA3-7C53E56F0F32}.Debug|Any CPU.Build.0 = Debug|Any CPU
		{8E7D5092-B685-4AD3-9DA3-7C53E56F0F32}.Release|Any CPU.ActiveCfg = Release|Any CPU
		{8E7D5092-B685-4AD3-9DA3-7C53E56F0F32}.Release|Any CPU.Build.0 = Release|Any CPU
		{AB49D5A9-9585-445A-AE8A-E4DD2B8956AA}.Debug|Any CPU.ActiveCfg = Debug|Any CPU
		{AB49D5A9-9585-445A-AE8A-E4DD2B8956AA}.Debug|Any CPU.Build.0 = Debug|Any CPU
		{AB49D5A9-9585-445A-AE8A-E4DD2B8956AA}.Release|Any CPU.ActiveCfg = Release|Any CPU
		{AB49D5A9-9585-445A-AE8A-E4DD2B8956AA}.Release|Any CPU.Build.0 = Release|Any CPU
		{1D01E07A-8BA7-46C9-9603-EF1DE1798674}.Debug|Any CPU.ActiveCfg = Debug|Any CPU
		{1D01E07A-8BA7-46C9-9603-EF1DE1798674}.Debug|Any CPU.Build.0 = Debug|Any CPU
		{1D01E07A-8BA7-46C9-9603-EF1DE1798674}.Release|Any CPU.ActiveCfg = Release|Any CPU
		{1D01E07A-8BA7-46C9-9603-EF1DE1798674}.Release|Any CPU.Build.0 = Release|Any CPU
		{8D21D9A9-5420-4D00-95FE-F2DE7CFBF157}.Debug|Any CPU.ActiveCfg = Debug|Any CPU
		{8D21D9A9-5420-4D00-95FE-F2DE7CFBF157}.Debug|Any CPU.Build.0 = Debug|Any CPU
		{8D21D9A9-5420-4D00-95FE-F2DE7CFBF157}.Release|Any CPU.ActiveCfg = Release|Any CPU
		{8D21D9A9-5420-4D00-95FE-F2DE7CFBF157}.Release|Any CPU.Build.0 = Release|Any CPU
	EndGlobalSection
	GlobalSection(SolutionProperties) = preSolution
		HideSolutionNode = FALSE
	EndGlobalSection
	GlobalSection(NestedProjects) = preSolution
		{89ABCAC5-CEDB-4535-BD58-E205A97834D9} = {7A463769-1249-482B-B035-B5ED77824EF1}
		{3D1BC0F6-273C-4A44-82F6-3BB933862FFB} = {7A463769-1249-482B-B035-B5ED77824EF1}
		{8E7D5092-B685-4AD3-9DA3-7C53E56F0F32} = {7A463769-1249-482B-B035-B5ED77824EF1}
		{AB49D5A9-9585-445A-AE8A-E4DD2B8956AA} = {7A463769-1249-482B-B035-B5ED77824EF1}
		{8D21D9A9-5420-4D00-95FE-F2DE7CFBF157} = {7A463769-1249-482B-B035-B5ED77824EF1}
	EndGlobalSection
	GlobalSection(ExtensibilityGlobals) = postSolution
		SolutionGuid = {6A099083-51E4-42C9-ABDE-0E94869C7E25}
	EndGlobalSection
EndGlobal
