
Microsoft Visual Studio Solution File, Format Version 12.00
# Visual Studio Version 16
VisualStudioVersion = 16.0.29230.47
MinimumVisualStudioVersion = 10.0.40219.1
Project("{FAE04EC0-301F-11D3-BF4B-00C04F79EFBC}") = "Simple NR Measurements", "Simple NR Measurements.csproj", "{DA114941-68DF-472C-A7D8-FDEF0412A4C1}"
EndProject
Project("{FAE04EC0-301F-11D3-BF4B-00C04F79EFBC}") = "RFmxNR", "..\..\Source\SA\RFmx NR\RFmxNR.csproj", "{B12280C1-69D7-4E52-8A41-95B1D568DD6B}"
EndProject
Global
	GlobalSection(SolutionConfigurationPlatforms) = preSolution
		Debug|Any CPU = Debug|Any CPU
		Release|Any CPU = Release|Any CPU
	EndGlobalSection
	GlobalSection(ProjectConfigurationPlatforms) = postSolution
		{DA114941-68DF-472C-A7D8-FDEF0412A4C1}.Debug|Any CPU.ActiveCfg = Debug|Any CPU
		{DA114941-68DF-472C-A7D8-FDEF0412A4C1}.Debug|Any CPU.Build.0 = Debug|Any CPU
		{DA114941-68DF-472C-A7D8-FDEF0412A4C1}.Release|Any CPU.ActiveCfg = Release|Any CPU
		{DA114941-68DF-472C-A7D8-FDEF0412A4C1}.Release|Any CPU.Build.0 = Release|Any CPU
		{B12280C1-69D7-4E52-8A41-95B1D568DD6B}.Debug|Any CPU.ActiveCfg = Debug|Any CPU
		{B12280C1-69D7-4E52-8A41-95B1D568DD6B}.Debug|Any CPU.Build.0 = Debug|Any CPU
		{B12280C1-69D7-4E52-8A41-95B1D568DD6B}.Release|Any CPU.ActiveCfg = Release|Any CPU
		{B12280C1-69D7-4E52-8A41-95B1D568DD6B}.Release|Any CPU.Build.0 = Release|Any CPU
	EndGlobalSection
	GlobalSection(SolutionProperties) = preSolution
		HideSolutionNode = FALSE
	EndGlobalSection
	GlobalSection(ExtensibilityGlobals) = postSolution
		SolutionGuid = {EC56EB3C-8FCD-4C89-B0AB-5D47091C2C74}
	EndGlobalSection
EndGlobal
