
Microsoft Visual Studio Solution File, Format Version 12.00
# Visual Studio Version 16
VisualStudioVersion = 16.0.29025.244
MinimumVisualStudioVersion = 10.0.40219.1
Project("{FAE04EC0-301F-11D3-BF4B-00C04F79EFBC}") = "RFmxWLAN", "SA\RFmx WLAN\RFmxWLAN.csproj", "{9E8F4D28-AC1D-4A06-8C62-FC96097890B9}"
EndProject
Project("{FAE04EC0-301F-11D3-BF4B-00C04F79EFBC}") = "SG", "SG\SG.csproj", "{89ABCAC5-CEDB-4535-BD58-E205A97834D9}"
EndProject
Project("{FAE04EC0-301F-11D3-BF4B-00C04F79EFBC}") = "Supply", "Supply\Supply.csproj", "{6E38C48B-DD17-4438-9366-E336528E62AE}"
EndProject
Project("{2150E333-8FDC-42A3-9474-1A3956D46DE8}") = "SA", "SA", "{2B079B61-B71B-440E-BFF7-0DF80927B5C5}"
EndProject
Project("{FAE04EC0-301F-11D3-BF4B-00C04F79EFBC}") = "RFmxSpecAn", "SA\RFmx SpecAn\RFmxSpecAn.csproj", "{3D1BC0F6-273C-4A44-82F6-3BB933862FFB}"
EndProject
Project("{2150E333-8FDC-42A3-9474-1A3956D46DE8}") = "Other Files", "Other Files", "{58A2EC96-146C-4EF6-A4E8-31DA010877E5}"
	ProjectSection(SolutionItems) = preProject
		SolutionInfo.cs = SolutionInfo.cs
	EndProjectSection
EndProject
Project("{2150E333-8FDC-42A3-9474-1A3956D46DE8}") = "Modules", "Modules", "{9DF8AA31-0EBB-4E3D-ACAE-96F2350DA9F8}"
EndProject
Project("{FAE04EC0-301F-11D3-BF4B-00C04F79EFBC}") = "Scope", "Scope\Scope.csproj", "{7659CA3A-45D7-4A1C-8253-98615F119CF3}"
EndProject
Project("{FAE04EC0-301F-11D3-BF4B-00C04F79EFBC}") = "Digital", "Digital\Digital.csproj", "{A12F87E8-772D-4DD9-9AE1-E6A72E83F4FE}"
EndProject
Project("{FAE04EC0-301F-11D3-BF4B-00C04F79EFBC}") = "RFmxNR", "SA\RFmx NR\RFmxNR.csproj", "{B12280C1-69D7-4E52-8A41-95B1D568DD6B}"
EndProject
Project("{FAE04EC0-301F-11D3-BF4B-00C04F79EFBC}") = "RFmxLTE", "SA\RFmx LTE\RFmxLTE.csproj", "{1EB6F1AE-2EEA-4DC8-8CDB-09B5FADF2236}"
EndProject
Project("{FAE04EC0-301F-11D3-BF4B-00C04F79EFBC}") = "RFmxDPD", "Methods\RFmxDPD\RFmxDPD.csproj", "{C725B272-463E-421D-8648-4E3F87868711}"
EndProject
Project("{2150E333-8FDC-42A3-9474-1A3956D46DE8}") = "Test Methods", "Test Methods", "{3779EC48-73B9-4620-8E17-57340A70611A}"
EndProject
Project("{FAE04EC0-301F-11D3-BF4B-00C04F79EFBC}") = "Common", "Common\Common.csproj", "{8E7D5092-B685-4AD3-9DA3-7C53E56F0F32}"
EndProject
Global
	GlobalSection(SolutionConfigurationPlatforms) = preSolution
		Debug|Any CPU = Debug|Any CPU
		Release|Any CPU = Release|Any CPU
	EndGlobalSection
	GlobalSection(ProjectConfigurationPlatforms) = postSolution
		{9E8F4D28-AC1D-4A06-8C62-FC96097890B9}.Debug|Any CPU.ActiveCfg = Debug|Any CPU
		{9E8F4D28-AC1D-4A06-8C62-FC96097890B9}.Debug|Any CPU.Build.0 = Debug|Any CPU
		{9E8F4D28-AC1D-4A06-8C62-FC96097890B9}.Release|Any CPU.ActiveCfg = Release|Any CPU
		{9E8F4D28-AC1D-4A06-8C62-FC96097890B9}.Release|Any CPU.Build.0 = Release|Any CPU
		{89ABCAC5-CEDB-4535-BD58-E205A97834D9}.Debug|Any CPU.ActiveCfg = Debug|Any CPU
		{89ABCAC5-CEDB-4535-BD58-E205A97834D9}.Debug|Any CPU.Build.0 = Debug|Any CPU
		{89ABCAC5-CEDB-4535-BD58-E205A97834D9}.Release|Any CPU.ActiveCfg = Release|Any CPU
		{89ABCAC5-CEDB-4535-BD58-E205A97834D9}.Release|Any CPU.Build.0 = Release|Any CPU
		{6E38C48B-DD17-4438-9366-E336528E62AE}.Debug|Any CPU.ActiveCfg = Debug|Any CPU
		{6E38C48B-DD17-4438-9366-E336528E62AE}.Debug|Any CPU.Build.0 = Debug|Any CPU
		{6E38C48B-DD17-4438-9366-E336528E62AE}.Release|Any CPU.ActiveCfg = Release|Any CPU
		{6E38C48B-DD17-4438-9366-E336528E62AE}.Release|Any CPU.Build.0 = Release|Any CPU
		{3D1BC0F6-273C-4A44-82F6-3BB933862FFB}.Debug|Any CPU.ActiveCfg = Debug|Any CPU
		{3D1BC0F6-273C-4A44-82F6-3BB933862FFB}.Debug|Any CPU.Build.0 = Debug|Any CPU
		{3D1BC0F6-273C-4A44-82F6-3BB933862FFB}.Release|Any CPU.ActiveCfg = Release|Any CPU
		{3D1BC0F6-273C-4A44-82F6-3BB933862FFB}.Release|Any CPU.Build.0 = Release|Any CPU
		{7659CA3A-45D7-4A1C-8253-98615F119CF3}.Debug|Any CPU.ActiveCfg = Debug|Any CPU
		{7659CA3A-45D7-4A1C-8253-98615F119CF3}.Debug|Any CPU.Build.0 = Debug|Any CPU
		{7659CA3A-45D7-4A1C-8253-98615F119CF3}.Release|Any CPU.ActiveCfg = Release|Any CPU
		{7659CA3A-45D7-4A1C-8253-98615F119CF3}.Release|Any CPU.Build.0 = Release|Any CPU
		{A12F87E8-772D-4DD9-9AE1-E6A72E83F4FE}.Debug|Any CPU.ActiveCfg = Debug|Any CPU
		{A12F87E8-772D-4DD9-9AE1-E6A72E83F4FE}.Debug|Any CPU.Build.0 = Debug|Any CPU
		{A12F87E8-772D-4DD9-9AE1-E6A72E83F4FE}.Release|Any CPU.ActiveCfg = Release|Any CPU
		{A12F87E8-772D-4DD9-9AE1-E6A72E83F4FE}.Release|Any CPU.Build.0 = Release|Any CPU
		{B12280C1-69D7-4E52-8A41-95B1D568DD6B}.Debug|Any CPU.ActiveCfg = Debug|Any CPU
		{B12280C1-69D7-4E52-8A41-95B1D568DD6B}.Debug|Any CPU.Build.0 = Debug|Any CPU
		{B12280C1-69D7-4E52-8A41-95B1D568DD6B}.Release|Any CPU.ActiveCfg = Release|Any CPU
		{B12280C1-69D7-4E52-8A41-95B1D568DD6B}.Release|Any CPU.Build.0 = Release|Any CPU
		{1EB6F1AE-2EEA-4DC8-8CDB-09B5FADF2236}.Debug|Any CPU.ActiveCfg = Debug|Any CPU
		{1EB6F1AE-2EEA-4DC8-8CDB-09B5FADF2236}.Debug|Any CPU.Build.0 = Debug|Any CPU
		{1EB6F1AE-2EEA-4DC8-8CDB-09B5FADF2236}.Release|Any CPU.ActiveCfg = Release|Any CPU
		{1EB6F1AE-2EEA-4DC8-8CDB-09B5FADF2236}.Release|Any CPU.Build.0 = Release|Any CPU
		{C725B272-463E-421D-8648-4E3F87868711}.Debug|Any CPU.ActiveCfg = Debug|Any CPU
		{C725B272-463E-421D-8648-4E3F87868711}.Debug|Any CPU.Build.0 = Debug|Any CPU
		{C725B272-463E-421D-8648-4E3F87868711}.Release|Any CPU.ActiveCfg = Release|Any CPU
		{C725B272-463E-421D-8648-4E3F87868711}.Release|Any CPU.Build.0 = Release|Any CPU
		{8E7D5092-B685-4AD3-9DA3-7C53E56F0F32}.Debug|Any CPU.ActiveCfg = Debug|Any CPU
		{8E7D5092-B685-4AD3-9DA3-7C53E56F0F32}.Debug|Any CPU.Build.0 = Debug|Any CPU
		{8E7D5092-B685-4AD3-9DA3-7C53E56F0F32}.Release|Any CPU.ActiveCfg = Release|Any CPU
		{8E7D5092-B685-4AD3-9DA3-7C53E56F0F32}.Release|Any CPU.Build.0 = Release|Any CPU
	EndGlobalSection
	GlobalSection(SolutionProperties) = preSolution
		HideSolutionNode = FALSE
	EndGlobalSection
	GlobalSection(NestedProjects) = preSolution
		{9E8F4D28-AC1D-4A06-8C62-FC96097890B9} = {2B079B61-B71B-440E-BFF7-0DF80927B5C5}
		{89ABCAC5-CEDB-4535-BD58-E205A97834D9} = {9DF8AA31-0EBB-4E3D-ACAE-96F2350DA9F8}
		{6E38C48B-DD17-4438-9366-E336528E62AE} = {9DF8AA31-0EBB-4E3D-ACAE-96F2350DA9F8}
		{2B079B61-B71B-440E-BFF7-0DF80927B5C5} = {9DF8AA31-0EBB-4E3D-ACAE-96F2350DA9F8}
		{3D1BC0F6-273C-4A44-82F6-3BB933862FFB} = {2B079B61-B71B-440E-BFF7-0DF80927B5C5}
		{7659CA3A-45D7-4A1C-8253-98615F119CF3} = {9DF8AA31-0EBB-4E3D-ACAE-96F2350DA9F8}
		{A12F87E8-772D-4DD9-9AE1-E6A72E83F4FE} = {9DF8AA31-0EBB-4E3D-ACAE-96F2350DA9F8}
		{B12280C1-69D7-4E52-8A41-95B1D568DD6B} = {2B079B61-B71B-440E-BFF7-0DF80927B5C5}
		{1EB6F1AE-2EEA-4DC8-8CDB-09B5FADF2236} = {2B079B61-B71B-440E-BFF7-0DF80927B5C5}
		{C725B272-463E-421D-8648-4E3F87868711} = {3779EC48-73B9-4620-8E17-57340A70611A}
		{3779EC48-73B9-4620-8E17-57340A70611A} = {9DF8AA31-0EBB-4E3D-ACAE-96F2350DA9F8}
		{8E7D5092-B685-4AD3-9DA3-7C53E56F0F32} = {9DF8AA31-0EBB-4E3D-ACAE-96F2350DA9F8}
	EndGlobalSection
	GlobalSection(ExtensibilityGlobals) = postSolution
		SolutionGuid = {D020C05D-4EF8-45D5-8E12-D76DE5E66039}
	EndGlobalSection
EndGlobal
